
Microsoft Visual Studio Solution File, Format Version 12.00
# Visual Studio Version 16
VisualStudioVersion = 16.0.29709.97
MinimumVisualStudioVersion = 10.0.40219.1
Project("{00D1A9C2-B5F0-4AF3-8072-F6C62B433612}") = "MyDatabase", "MyDatabase\MyDatabase.sqlproj", "{7740B896-E8DE-4B2D-8B2B-68EFBFF449BD}"
EndProject
Global
	GlobalSection(SolutionConfigurationPlatforms) = preSolution
		Debug|Any CPU = Debug|Any CPU
		Release|Any CPU = Release|Any CPU
	EndGlobalSection
	GlobalSection(ProjectConfigurationPlatforms) = postSolution
		{7740B896-E8DE-4B2D-8B2B-68EFBFF449BD}.Debug|Any CPU.ActiveCfg = Debug|Any CPU
		{7740B896-E8DE-4B2D-8B2B-68EFBFF449BD}.Debug|Any CPU.Build.0 = Debug|Any CPU
		{7740B896-E8DE-4B2D-8B2B-68EFBFF449BD}.Debug|Any CPU.Deploy.0 = Debug|Any CPU
		{7740B896-E8DE-4B2D-8B2B-68EFBFF449BD}.Release|Any CPU.ActiveCfg = Release|Any CPU
		{7740B896-E8DE-4B2D-8B2B-68EFBFF449BD}.Release|Any CPU.Build.0 = Release|Any CPU
		{7740B896-E8DE-4B2D-8B2B-68EFBFF449BD}.Release|Any CPU.Deploy.0 = Release|Any CPU
	EndGlobalSection
	GlobalSection(SolutionProperties) = preSolution
		HideSolutionNode = FALSE
	EndGlobalSection
	GlobalSection(ExtensibilityGlobals) = postSolution
		SolutionGuid = {0BB9AF2B-389C-458C-AE73-D69D5F348F60}
	EndGlobalSection
EndGlobal
